
Microsoft Visual Studio Solution File, Format Version 12.00
# Visual Studio Version 16
VisualStudioVersion = 16.0.30611.23
MinimumVisualStudioVersion = 10.0.40219.1
Project("{FAE04EC0-301F-11D3-BF4B-00C04F79EFBC}") = "SOAP_Lib", "SOAP\SOAP_Lib.csproj", "{7343626A-CD58-4996-9CAD-2CD80DC48223}"
EndProject
Project("{FAE04EC0-301F-11D3-BF4B-00C04F79EFBC}") = "SOAP_Host", "SOAP_Host\SOAP_Host.csproj", "{143E8110-8485-4FBB-8881-CA326A65E74A}"
EndProject
Project("{FAE04EC0-301F-11D3-BF4B-00C04F79EFBC}") = "SOAP_Client", "SOAP_Client\SOAP_Client.csproj", "{C04EA5C2-A1BB-47D3-B6A6-993BE0097609}"
	ProjectSection(ProjectDependencies) = postProject
		{7343626A-CD58-4996-9CAD-2CD80DC48223} = {7343626A-CD58-4996-9CAD-2CD80DC48223}
	EndProjectSection
EndProject
Global
	GlobalSection(SolutionConfigurationPlatforms) = preSolution
		Debug|Any CPU = Debug|Any CPU
		Release|Any CPU = Release|Any CPU
	EndGlobalSection
	GlobalSection(ProjectConfigurationPlatforms) = postSolution
		{7343626A-CD58-4996-9CAD-2CD80DC48223}.Debug|Any CPU.ActiveCfg = Debug|Any CPU
		{7343626A-CD58-4996-9CAD-2CD80DC48223}.Debug|Any CPU.Build.0 = Debug|Any CPU
		{7343626A-CD58-4996-9CAD-2CD80DC48223}.Release|Any CPU.ActiveCfg = Release|Any CPU
		{7343626A-CD58-4996-9CAD-2CD80DC48223}.Release|Any CPU.Build.0 = Release|Any CPU
		{143E8110-8485-4FBB-8881-CA326A65E74A}.Debug|Any CPU.ActiveCfg = Debug|Any CPU
		{143E8110-8485-4FBB-8881-CA326A65E74A}.Debug|Any CPU.Build.0 = Debug|Any CPU
		{143E8110-8485-4FBB-8881-CA326A65E74A}.Release|Any CPU.ActiveCfg = Release|Any CPU
		{143E8110-8485-4FBB-8881-CA326A65E74A}.Release|Any CPU.Build.0 = Release|Any CPU
		{C04EA5C2-A1BB-47D3-B6A6-993BE0097609}.Debug|Any CPU.ActiveCfg = Debug|Any CPU
		{C04EA5C2-A1BB-47D3-B6A6-993BE0097609}.Debug|Any CPU.Build.0 = Debug|Any CPU
		{C04EA5C2-A1BB-47D3-B6A6-993BE0097609}.Release|Any CPU.ActiveCfg = Release|Any CPU
		{C04EA5C2-A1BB-47D3-B6A6-993BE0097609}.Release|Any CPU.Build.0 = Release|Any CPU
	EndGlobalSection
	GlobalSection(SolutionProperties) = preSolution
		HideSolutionNode = FALSE
	EndGlobalSection
	GlobalSection(ExtensibilityGlobals) = postSolution
		SolutionGuid = {34DC5CFD-11AC-4861-8A65-EC4568279EA8}
	EndGlobalSection
EndGlobal
